PODS:
  - Flutter (1.0.0)
  - flutter_aliyun_captcha (1.0.4):
    - Flutter

DEPENDENCIES:
  - Flutter (from `Flutter`)
  - flutter_aliyun_captcha (from `.symlinks/plugins/flutter_aliyun_captcha/ios`)

EXTERNAL SOURCES:
  Flutter:
    :path: Flutter
  flutter_aliyun_captcha:
    :path: ".symlinks/plugins/flutter_aliyun_captcha/ios"

SPEC CHECKSUMS:
  Flutter: e0871f40cf51350855a761d2e70bf5af5b9b5de7
  flutter_aliyun_captcha: ae5a6d128035eb2075be2a99606bb58bea31cffe

PODFILE CHECKSUM: cf0c950f7e9a456b4e325f5b8fc0f98906a3705a

COCOAPODS: 1.15.2
